PackratFormat: 1.4
PackratVersion: 0.4.8.1
RVersion: 3.3.2
Repos: CRAN=https://cran.rstudio.com/

Package: BH
Source: CRAN
Version: 1.65.0-1
Hash: 95f62be4d6916aae14a310a8b56a6475

Package: BayesXsrc
Source: CRAN
Version: 2.1-2
Hash: 04e0dcdbae8acbad5a4cdf3257297547

Package: CoxBoost
Source: CRAN
Version: 1.4
Hash: 97d2fd9b0de610487e9f9163376c1bac
Requires: prodlim

Package: Daim
Source: CRAN
Version: 1.1.0
Hash: fa3d30b1095213a79abe63b1a2122aa6
Requires: rms

Package: DistributionUtils
Source: CRAN
Version: 0.5-1
Hash: c690079d5b02f5c5109595827a78c027
Requires: RUnit

Package: Formula
Source: CRAN
Version: 1.2-2

Package: GPArotation
Source: CRAN
Version: 2014.11-1
Hash: 4821625833bcab5af24257ead9119e01

Package: GeneralizedHyperbolic
Source: CRAN
Version: 0.8-1
Hash: 8918caca108c4a3d5e16ce241f7d0bf5
Requires: DistributionUtils, RUnit

Package: Hmisc
Source: CRAN
Version: 4.0-3
Requires: Formula, acepack, base64enc, data.table, ggplot2, gridExtra,
    gtable, htmlTable, htmltools, latticeExtra, rpart, viridis

Package: MBA
Source: CRAN
Version: 0.0-9
Hash: 423113dd3b134733f551fb797f13bdad
Requires: BH

Package: MatrixModels
Source: CRAN
Version: 0.4-1

Package: R6
Source: CRAN
Version: 2.2.2
Hash: b2366cd9d2f3851a5704b4e192b985c2

Package: RColorBrewer
Source: CRAN
Version: 1.1-2

Package: RUnit
Source: CRAN
Version: 0.4.31

Package: Rcpp
Source: CRAN
Version: 0.12.12
Hash: 8b3d5ebb9a9a4ab5c86b3a81b0cfb774

Package: RcppArmadillo
Source: CRAN
Version: 0.7.960.1.2
Requires: Rcpp

Package: Rcsdp
Source: CRAN
Version: 0.1.55
Hash: 14e09c857d9c2b6426adf8b1e12d72b7

Package: SkewHyperbolic
Source: CRAN
Version: 0.3-2
Hash: 55a6f5e9bc0936a5285e76aee1dccc5c
Requires: DistributionUtils, GeneralizedHyperbolic, RUnit

Package: SparseM
Source: CRAN
Version: 1.77

Package: TH.data
Source: CRAN
Version: 1.0-8

Package: VarianceGamma
Source: CRAN
Version: 0.3-1
Hash: 72b70f2eb27548049483c67f198fe905
Requires: DistributionUtils, GeneralizedHyperbolic, RUnit

Package: abind
Source: CRAN
Version: 1.4-5

Package: acepack
Source: CRAN
Version: 1.4.1

Package: assertthat
Source: CRAN
Version: 0.2.0
Hash: e8805df54c65ac96d50235c44a82615c

Package: backports
Source: CRAN
Version: 1.1.1

Package: base64enc
Source: CRAN
Version: 0.1-3

Package: bindr
Source: CRAN
Version: 0.1
Hash: e3a02070cf705d3ad1c5af1635a515a3

Package: bindrcpp
Source: CRAN
Version: 0.2
Hash: 8ab2dbf7ea120cf2d31183e0bf388485
Requires: Rcpp, bindr, plogr

Package: checkmate
Source: CRAN
Version: 1.8.4
Requires: backports

Package: cmprsk
Source: CRAN
Version: 2.2-7
Hash: cb2565634a63b1c86a575b3ba67f3916

Package: colorspace
Source: CRAN
Version: 1.3-2

Package: colourpicker
Source: CRAN
Version: 1.0
Hash: eeabe1a468bdf15e9001a6cecbd56013
Requires: ggplot2, htmltools, htmlwidgets, jsonlite, miniUI, shiny,
    shinyjs

Package: crrstep
Source: CRAN
Version: 2015-2.1
Hash: 4cf9376c84258c8fe592c1ce5d9fab36
Requires: cmprsk

Package: data.table
Source: CRAN
Version: 1.10.4

Package: dichromat
Source: CRAN
Version: 2.0-0

Package: digest
Source: CRAN
Version: 0.6.12

Package: doParallel
Source: CRAN
Version: 1.0.11
Requires: foreach, iterators

Package: dplyr
Source: CRAN
Version: 0.7.3
Hash: 8083d22491cbb94e00727a9d7f590bf5
Requires: BH, R6, Rcpp, assertthat, bindrcpp, glue, magrittr,
    pkgconfig, plogr, rlang, tibble

Package: evaluate
Source: CRAN
Version: 0.10.1
Requires: stringr

Package: foreach
Source: CRAN
Version: 1.4.3
Requires: iterators

Package: ggplot2
Source: CRAN
Version: 2.2.1
Requires: digest, gtable, lazyeval, plyr, reshape2, scales, tibble

Package: glue
Source: CRAN
Version: 1.1.1
Hash: dfd5a27768175ae51d08dc6beba1ef11

Package: gof
Source: CRAN
Version: 0.9.1
Hash: c935f292aa3e58ffe21d3b800d4c5c08

Package: gridExtra
Source: CRAN
Version: 2.3
Requires: gtable

Package: gtable
Source: CRAN
Version: 0.2.0

Package: highr
Source: CRAN
Version: 0.6

Package: htmlTable
Source: CRAN
Version: 1.9
Requires: checkmate, htmlwidgets, knitr, magrittr, stringr

Package: htmltools
Source: CRAN
Version: 0.3.6
Requires: Rcpp, digest

Package: htmlwidgets
Source: CRAN
Version: 0.9
Requires: htmltools, jsonlite, yaml

Package: httpuv
Source: CRAN
Version: 1.3.5
Requires: Rcpp

Package: iplots
Source: CRAN
Version: 1.1-7
Hash: 14ef1984bf461ed191e814ee486579ff
Requires: png, rJava

Package: iterators
Source: CRAN
Version: 1.0.8

Package: jsonlite
Source: CRAN
Version: 1.5

Package: knitr
Source: CRAN
Version: 1.17
Requires: digest, evaluate, highr, markdown, stringr, yaml

Package: labeling
Source: CRAN
Version: 0.3

Package: latticeExtra
Source: CRAN
Version: 0.6-28
Requires: RColorBrewer

Package: lava
Source: CRAN
Version: 1.5.1
Hash: a7626c3f7e753f7401e070a144ecd315
Requires: numDeriv

Package: lava.tobit
Source: CRAN
Version: 0.5
Hash: e8d09964c9f81d5a74ae54d8dff026af
Requires: lava, mets, mvtnorm

Package: lazyeval
Source: CRAN
Version: 0.2.0

Package: magrittr
Source: CRAN
Version: 1.5
Hash: bdc4d48c3135e8f3b399536ddf160df4

Package: markdown
Source: CRAN
Version: 0.8
Requires: mime

Package: mets
Source: CRAN
Version: 1.2.2
Hash: 96690b455717309916472cb3894af2a5
Requires: Rcpp, RcppArmadillo, lava, numDeriv, timereg

Package: mime
Source: CRAN
Version: 0.5

Package: miniUI
Source: CRAN
Version: 0.1.1
Requires: htmltools, shiny

Package: mosaicCore
Source: CRAN
Version: 0.4.0
Hash: dd6938d2f8c884497b36185768d3f205
Requires: dplyr, lazyeval, rlang, tidyr

Package: multcomp
Source: CRAN
Version: 1.4-7
Requires: TH.data, mvtnorm, sandwich

Package: munsell
Source: CRAN
Version: 0.4.3
Requires: colorspace

Package: mvtnorm
Source: CRAN
Version: 1.0-6

Package: numDeriv
Source: CRAN
Version: 2016.8-1

Package: packrat
Source: CRAN
Version: 0.4.8-1
Hash: 6ad605ba7b4b476d84be6632393f5765

Package: pkgconfig
Source: CRAN
Version: 2.0.1
Hash: 0dda4a2654a22b36a715c2b0b6fbacac

Package: plogr
Source: CRAN
Version: 0.1-1
Hash: fb19215402e2d9f1c7f803dcaa806fc2

Package: plyr
Source: CRAN
Version: 1.8.4
Requires: Rcpp

Package: png
Source: CRAN
Version: 0.1-7

Package: polspline
Source: CRAN
Version: 1.1.12

Package: prodlim
Source: CRAN
Version: 1.6.1
Hash: a293698cbc0bfdc90d0ac23b988bb055
Requires: Rcpp, lava

Package: purrr
Source: CRAN
Version: 0.2.3
Requires: magrittr, rlang, tibble

Package: quantreg
Source: CRAN
Version: 5.33
Requires: MatrixModels, SparseM

Package: rJava
Source: CRAN
Version: 0.9-8

Package: randomForest
Source: CRAN
Version: 4.6-12
Hash: b37274857316c7b9431cc7f72aaffb77

Package: reshape2
Source: CRAN
Version: 1.4.2
Requires: Rcpp, plyr, stringr

Package: riskRegression
Source: CRAN
Version: 1.4.3
Hash: 8eb2318a350ab39bceb8ae94464e9cc6
Requires: Rcpp, RcppArmadillo, abind, cmprsk, data.table, doParallel,
    foreach, ggplot2, lava, prodlim, rms

Package: rlang
Source: CRAN
Version: 0.1.2
Hash: c17b638e3282aa222a47112d7a60bc66

Package: rms
Source: CRAN
Version: 5.1-1
Requires: Hmisc, SparseM, ggplot2, htmlTable, htmltools, multcomp,
    polspline, quantreg, rpart

Package: rpart
Source: CRAN
Version: 4.1-11
Hash: 3516bc1f3ef8bc532ac4194a2007ac19

Package: rpart.plot
Source: CRAN
Version: 2.1.2
Hash: 95c68003b5ea33be4dda1f6dbbe5e0cb
Requires: rpart

Package: rredis
Source: CRAN
Version: 1.7.0
Hash: e04b80a84d18b4e31805b3216a4aac17

Package: sandwich
Source: CRAN
Version: 2.4-0
Requires: zoo

Package: scales
Source: CRAN
Version: 0.5.0
Requires: R6, RColorBrewer, Rcpp, dichromat, labeling, munsell, plyr,
    viridisLite

Package: shiny
Source: CRAN
Version: 1.0.5
Requires: R6, digest, htmltools, httpuv, jsonlite, mime, sourcetools,
    xtable

Package: shinyWidgets
Source: CRAN
Version: 0.3.4
Hash: b5ec17311c50373c8a1df688a18c398d
Requires: htmltools, jsonlite, shiny

Package: shinydashboard
Source: CRAN
Version: 0.6.1
Hash: b48e9bf83e320416eca507dd0d75b362
Requires: htmltools, shiny

Package: shinyjs
Source: CRAN
Version: 0.9.1
Requires: digest, htmltools, jsonlite, miniUI, shiny

Package: sourcetools
Source: CRAN
Version: 0.1.6

Package: stringi
Source: CRAN
Version: 1.1.5

Package: stringr
Source: CRAN
Version: 1.2.0
Requires: magrittr, stringi

Package: tibble
Source: CRAN
Version: 1.3.4
Hash: 3111e0d62502af60fe0fa8b4213fedad
Requires: Rcpp, rlang

Package: tidyr
Source: CRAN
Version: 0.7.1
Requires: Rcpp, dplyr, glue, magrittr, purrr, rlang, stringi, tibble,
    tidyselect

Package: tidyselect
Source: CRAN
Version: 0.2.0
Requires: Rcpp, glue, purrr, rlang

Package: timereg
Source: CRAN
Version: 1.9.1
Hash: 1a4eac4efe238aec6152a4b69ca7de69
Requires: lava, numDeriv

Package: ucminf
Source: CRAN
Version: 1.1-4
Hash: 93143d845c6b1969cf0ea8fcac5c9119

Package: viridis
Source: CRAN
Version: 0.4.0
Requires: ggplot2, gridExtra, viridisLite

Package: viridisLite
Source: CRAN
Version: 0.2.0

Package: visNetwork
Source: CRAN
Version: 2.0.1
Hash: 51fb98aa5e5d66a5990d7ead5bd2e03c
Requires: htmltools, htmlwidgets, jsonlite, magrittr

Package: xtable
Source: CRAN
Version: 1.8-2

Package: yaml
Source: CRAN
Version: 2.1.14

Package: zoo
Source: CRAN
Version: 1.8-0
